
Microsoft Visual Studio Solution File, Format Version 12.00
# Visual Studio Version 17
VisualStudioVersion = 17.2.32616.157
MinimumVisualStudioVersion = 10.0.40219.1
Project("{FAE04EC0-301F-11D3-BF4B-00C04F79EFBC}") = "WebApi", "WebApi\WebApi.csproj", "{5E06F3B6-1316-4C96-A905-B02D1F2072A1}"
EndProject
Project("{FAE04EC0-301F-11D3-BF4B-00C04F79EFBC}") = "Domain", "Domain\Domain.csproj", "{8C2B4DC4-0EAA-4645-9C79-BA33505ED30F}"
EndProject
Project("{FAE04EC0-301F-11D3-BF4B-00C04F79EFBC}") = "Infrastructure", "Infrastructure\Infrastructure.csproj", "{4831D261-0D6F-4F65-9309-4F49ED7EAD06}"
EndProject
Project("{FAE04EC0-301F-11D3-BF4B-00C04F79EFBC}") = "Services", "Services\Services.csproj", "{F34D4837-B97B-4F3A-AE9A-2F08199AE87A}"
EndProject
Project("{FAE04EC0-301F-11D3-BF4B-00C04F79EFBC}") = "Persistence", "Persistence\Persistence.csproj", "{C73CAB1C-DED4-46FD-B049-00C23712B9DB}"
EndProject
Global
	GlobalSection(SolutionConfigurationPlatforms) = preSolution
		Debug|Any CPU = Debug|Any CPU
		Release|Any CPU = Release|Any CPU
	EndGlobalSection
	GlobalSection(ProjectConfigurationPlatforms) = postSolution
		{5E06F3B6-1316-4C96-A905-B02D1F2072A1}.Debug|Any CPU.ActiveCfg = Debug|Any CPU
		{5E06F3B6-1316-4C96-A905-B02D1F2072A1}.Debug|Any CPU.Build.0 = Debug|Any CPU
		{5E06F3B6-1316-4C96-A905-B02D1F2072A1}.Release|Any CPU.ActiveCfg = Release|Any CPU
		{5E06F3B6-1316-4C96-A905-B02D1F2072A1}.Release|Any CPU.Build.0 = Release|Any CPU
		{8C2B4DC4-0EAA-4645-9C79-BA33505ED30F}.Debug|Any CPU.ActiveCfg = Debug|Any CPU
		{8C2B4DC4-0EAA-4645-9C79-BA33505ED30F}.Debug|Any CPU.Build.0 = Debug|Any CPU
		{8C2B4DC4-0EAA-4645-9C79-BA33505ED30F}.Release|Any CPU.ActiveCfg = Release|Any CPU
		{8C2B4DC4-0EAA-4645-9C79-BA33505ED30F}.Release|Any CPU.Build.0 = Release|Any CPU
		{4831D261-0D6F-4F65-9309-4F49ED7EAD06}.Debug|Any CPU.ActiveCfg = Debug|Any CPU
		{4831D261-0D6F-4F65-9309-4F49ED7EAD06}.Debug|Any CPU.Build.0 = Debug|Any CPU
		{4831D261-0D6F-4F65-9309-4F49ED7EAD06}.Release|Any CPU.ActiveCfg = Release|Any CPU
		{4831D261-0D6F-4F65-9309-4F49ED7EAD06}.Release|Any CPU.Build.0 = Release|Any CPU
		{F34D4837-B97B-4F3A-AE9A-2F08199AE87A}.Debug|Any CPU.ActiveCfg = Debug|Any CPU
		{F34D4837-B97B-4F3A-AE9A-2F08199AE87A}.Debug|Any CPU.Build.0 = Debug|Any CPU
		{F34D4837-B97B-4F3A-AE9A-2F08199AE87A}.Release|Any CPU.ActiveCfg = Release|Any CPU
		{F34D4837-B97B-4F3A-AE9A-2F08199AE87A}.Release|Any CPU.Build.0 = Release|Any CPU
		{C73CAB1C-DED4-46FD-B049-00C23712B9DB}.Debug|Any CPU.ActiveCfg = Debug|Any CPU
		{C73CAB1C-DED4-46FD-B049-00C23712B9DB}.Debug|Any CPU.Build.0 = Debug|Any CPU
		{C73CAB1C-DED4-46FD-B049-00C23712B9DB}.Release|Any CPU.ActiveCfg = Release|Any CPU
		{C73CAB1C-DED4-46FD-B049-00C23712B9DB}.Release|Any CPU.Build.0 = Release|Any CPU
	EndGlobalSection
	GlobalSection(SolutionProperties) = preSolution
		HideSolutionNode = FALSE
	EndGlobalSection
	GlobalSection(ExtensibilityGlobals) = postSolution
		SolutionGuid = {C8C8F7E8-D105-4B2B-9B77-D80024CEE108}
	EndGlobalSection
EndGlobal
